
Microsoft Visual Studio Solution File, Format Version 12.00
# Visual Studio 15
VisualStudioVersion = 15.0.27703.2035
MinimumVisualStudioVersion = 10.0.40219.1
Project("{FAE04EC0-301F-11D3-BF4B-00C04F79EFBC}") = "SinaExpoBot", "Project\SinaExpoBot.csproj", "{08C514EF-5C00-48C0-B365-9DB1D92FDFDA}"
EndProject
Global
	GlobalSection(SolutionConfigurationPlatforms) = preSolution
		Debug|Any CPU = Debug|Any CPU
		Release|Any CPU = Release|Any CPU
	EndGlobalSection
	GlobalSection(ProjectConfigurationPlatforms) = postSolution
		{08C514EF-5C00-48C0-B365-9DB1D92FDFDA}.Debug|Any CPU.ActiveCfg = Debug|Any CPU
		{08C514EF-5C00-48C0-B365-9DB1D92FDFDA}.Debug|Any CPU.Build.0 = Debug|Any CPU
		{08C514EF-5C00-48C0-B365-9DB1D92FDFDA}.Release|Any CPU.ActiveCfg = Release|Any CPU
		{08C514EF-5C00-48C0-B365-9DB1D92FDFDA}.Release|Any CPU.Build.0 = Release|Any CPU
	EndGlobalSection
	GlobalSection(SolutionProperties) = preSolution
		HideSolutionNode = FALSE
	EndGlobalSection
	GlobalSection(ExtensibilityGlobals) = postSolution
		SolutionGuid = {FEA06171-E5D5-4CD6-8297-026E3FE03808}
	EndGlobalSection
EndGlobal
